
Microsoft Visual Studio Solution File, Format Version 11.00
# Visual Studio 2010
Project("{2150E333-8FDC-42A3-9474-1A3956D46DE8}") = "JavaScript", "JavaScript", "{0E9BF424-95E9-4B10-9D1F-F05EC6BA1563}"
	ProjectSection(SolutionItems) = preProject
		..\src\client.js = ..\src\client.js
		..\src\dbfunctions.js = ..\src\dbfunctions.js
		..\src\gazel.js = ..\src\gazel.js
		..\src\gazel2.js = ..\src\gazel2.js
		..\src\ixdb.js = ..\src\ixdb.js
		..\src\promise.js = ..\src\promise.js
		..\src\queue.js = ..\src\queue.js
		..\src\setup.js = ..\src\setup.js
	EndProjectSection
EndProject
Project("{2150E333-8FDC-42A3-9474-1A3956D46DE8}") = "Html", "Html", "{C61BFD87-A4F9-4D12-B88E-53E733918161}"
	ProjectSection(SolutionItems) = preProject
		..\test.html = ..\test.html
	EndProjectSection
EndProject
Project("{2150E333-8FDC-42A3-9474-1A3956D46DE8}") = "Tests", "Tests", "{4DF80D9C-D557-43AF-B396-7C47CBA19480}"
	ProjectSection(SolutionItems) = preProject
		tests\chaining-test.js = tests\chaining-test.js
		tests\main-test.js = tests\main-test.js
	EndProjectSection
EndProject
Project("{2150E333-8FDC-42A3-9474-1A3956D46DE8}") = "Build", "Build", "{CAD71C61-034F-4EE3-B04F-2BBC95C4CB8A}"
	ProjectSection(SolutionItems) = preProject
		..\build.ps1 = ..\build.ps1
		..\build\gazel.js = ..\build\gazel.js
	EndProjectSection
EndProject
Global
	GlobalSection(TestCaseManagementSettings) = postSolution
		CategoryFile = Gazel.vsmdi
	EndGlobalSection
	GlobalSection(SolutionProperties) = preSolution
		HideSolutionNode = FALSE
	EndGlobalSection
EndGlobal
